
Microsoft Visual Studio Solution File, Format Version 12.00
# Visual Studio Version 17
VisualStudioVersion = 17.2.32519.379
MinimumVisualStudioVersion = 10.0.40219.1
Project("{FAE04EC0-301F-11D3-BF4B-00C04F79EFBC}") = "Commander", "Commander\Commander.csproj", "{06680048-59FE-4F30-987B-CFA7AD234638}"
EndProject
Global
	GlobalSection(SolutionConfigurationPlatforms) = preSolution
		Debug|Any CPU = Debug|Any CPU
		Release|Any CPU = Release|Any CPU
	EndGlobalSection
	GlobalSection(ProjectConfigurationPlatforms) = postSolution
		{06680048-59FE-4F30-987B-CFA7AD234638}.Debug|Any CPU.ActiveCfg = Debug|Any CPU
		{06680048-59FE-4F30-987B-CFA7AD234638}.Debug|Any CPU.Build.0 = Debug|Any CPU
		{06680048-59FE-4F30-987B-CFA7AD234638}.Release|Any CPU.ActiveCfg = Release|Any CPU
		{06680048-59FE-4F30-987B-CFA7AD234638}.Release|Any CPU.Build.0 = Release|Any CPU
	EndGlobalSection
	GlobalSection(SolutionProperties) = preSolution
		HideSolutionNode = FALSE
	EndGlobalSection
	GlobalSection(ExtensibilityGlobals) = postSolution
		SolutionGuid = {4A923704-8EBB-4852-B91F-8A34AADEF2EB}
	EndGlobalSection
EndGlobal
